
Microsoft Visual Studio Solution File, Format Version 12.00
# Visual Studio Version 16
VisualStudioVersion = 16.0.31624.102
MinimumVisualStudioVersion = 10.0.40219.1
Project("{9A19103F-16F7-4668-BE54-9A1E7A4F7556}") = "0-queue", "0-queue.csproj", "{E6A1959C-0F10-45C8-8159-EC942D6F829B}"
EndProject
Global
	GlobalSection(SolutionConfigurationPlatforms) = preSolution
		Debug|Any CPU = Debug|Any CPU
		Release|Any CPU = Release|Any CPU
	EndGlobalSection
	GlobalSection(ProjectConfigurationPlatforms) = postSolution
		{E6A1959C-0F10-45C8-8159-EC942D6F829B}.Debug|Any CPU.ActiveCfg = Debug|Any CPU
		{E6A1959C-0F10-45C8-8159-EC942D6F829B}.Debug|Any CPU.Build.0 = Debug|Any CPU
		{E6A1959C-0F10-45C8-8159-EC942D6F829B}.Release|Any CPU.ActiveCfg = Release|Any CPU
		{E6A1959C-0F10-45C8-8159-EC942D6F829B}.Release|Any CPU.Build.0 = Release|Any CPU
	EndGlobalSection
	GlobalSection(SolutionProperties) = preSolution
		HideSolutionNode = FALSE
	EndGlobalSection
	GlobalSection(ExtensibilityGlobals) = postSolution
		SolutionGuid = {C2F105A6-ED18-4EF6-8196-6042ED14F7D9}
	EndGlobalSection
EndGlobal
