
Microsoft Visual Studio Solution File, Format Version 12.00
# Visual Studio Version 16
VisualStudioVersion = 16.0.31624.102
MinimumVisualStudioVersion = 10.0.40219.1
Project("{9A19103F-16F7-4668-BE54-9A1E7A4F7556}") = "0-queue", "0-queue.csproj", "{0C5B38A5-A4B0-4127-8C52-133D1B31CD18}"
EndProject
Global
	GlobalSection(SolutionConfigurationPlatforms) = preSolution
		Debug|Any CPU = Debug|Any CPU
		Release|Any CPU = Release|Any CPU
	EndGlobalSection
	GlobalSection(ProjectConfigurationPlatforms) = postSolution
		{0C5B38A5-A4B0-4127-8C52-133D1B31CD18}.Debug|Any CPU.ActiveCfg = Debug|Any CPU
		{0C5B38A5-A4B0-4127-8C52-133D1B31CD18}.Debug|Any CPU.Build.0 = Debug|Any CPU
		{0C5B38A5-A4B0-4127-8C52-133D1B31CD18}.Release|Any CPU.ActiveCfg = Release|Any CPU
		{0C5B38A5-A4B0-4127-8C52-133D1B31CD18}.Release|Any CPU.Build.0 = Release|Any CPU
	EndGlobalSection
	GlobalSection(SolutionProperties) = preSolution
		HideSolutionNode = FALSE
	EndGlobalSection
	GlobalSection(ExtensibilityGlobals) = postSolution
		SolutionGuid = {BE277B89-E197-4760-88BA-345B4972556D}
	EndGlobalSection
EndGlobal
