
Microsoft Visual Studio Solution File, Format Version 12.00
# Visual Studio Version 16
VisualStudioVersion = 16.0.31624.102
MinimumVisualStudioVersion = 10.0.40219.1
Project("{FAE04EC0-301F-11D3-BF4B-00C04F79EFBC}") = "5-eventful", "5-eventful.csproj", "{A53E7B0D-3845-472D-A1D5-C49EE2B73801}"
EndProject
Global
	GlobalSection(SolutionConfigurationPlatforms) = preSolution
		Debug|Any CPU = Debug|Any CPU
		Release|Any CPU = Release|Any CPU
	EndGlobalSection
	GlobalSection(ProjectConfigurationPlatforms) = postSolution
		{A53E7B0D-3845-472D-A1D5-C49EE2B73801}.Debug|Any CPU.ActiveCfg = Debug|Any CPU
		{A53E7B0D-3845-472D-A1D5-C49EE2B73801}.Debug|Any CPU.Build.0 = Debug|Any CPU
		{A53E7B0D-3845-472D-A1D5-C49EE2B73801}.Release|Any CPU.ActiveCfg = Release|Any CPU
		{A53E7B0D-3845-472D-A1D5-C49EE2B73801}.Release|Any CPU.Build.0 = Release|Any CPU
	EndGlobalSection
	GlobalSection(SolutionProperties) = preSolution
		HideSolutionNode = FALSE
	EndGlobalSection
	GlobalSection(ExtensibilityGlobals) = postSolution
		SolutionGuid = {D1D07AE9-2407-4AFB-9700-DC86E2700D92}
	EndGlobalSection
EndGlobal
