
Microsoft Visual Studio Solution File, Format Version 12.00
# Visual Studio Version 16
VisualStudioVersion = 16.0.31515.178
MinimumVisualStudioVersion = 10.0.40219.1
Project("{FAE04EC0-301F-11D3-BF4B-00C04F79EFBC}") = "3-type_get", "3-type_get.csproj", "{42075CCF-372E-465C-9738-03EADAB774FD}"
EndProject
Global
	GlobalSection(SolutionConfigurationPlatforms) = preSolution
		Debug|Any CPU = Debug|Any CPU
		Release|Any CPU = Release|Any CPU
	EndGlobalSection
	GlobalSection(ProjectConfigurationPlatforms) = postSolution
		{42075CCF-372E-465C-9738-03EADAB774FD}.Debug|Any CPU.ActiveCfg = Debug|Any CPU
		{42075CCF-372E-465C-9738-03EADAB774FD}.Debug|Any CPU.Build.0 = Debug|Any CPU
		{42075CCF-372E-465C-9738-03EADAB774FD}.Release|Any CPU.ActiveCfg = Release|Any CPU
		{42075CCF-372E-465C-9738-03EADAB774FD}.Release|Any CPU.Build.0 = Release|Any CPU
	EndGlobalSection
	GlobalSection(SolutionProperties) = preSolution
		HideSolutionNode = FALSE
	EndGlobalSection
	GlobalSection(ExtensibilityGlobals) = postSolution
		SolutionGuid = {928CE8F3-A67B-46DD-8277-023C4863A614}
	EndGlobalSection
EndGlobal
