
Microsoft Visual Studio Solution File, Format Version 12.00
# Visual Studio Version 16
VisualStudioVersion = 16.0.31624.102
MinimumVisualStudioVersion = 10.0.40219.1
Project("{FAE04EC0-301F-11D3-BF4B-00C04F79EFBC}") = "0-abstract_thinking", "0-abstract_thinking.csproj", "{F632875E-95D4-44DC-83B4-74DE392D44FE}"
EndProject
Global
	GlobalSection(SolutionConfigurationPlatforms) = preSolution
		Debug|Any CPU = Debug|Any CPU
		Release|Any CPU = Release|Any CPU
	EndGlobalSection
	GlobalSection(ProjectConfigurationPlatforms) = postSolution
		{F632875E-95D4-44DC-83B4-74DE392D44FE}.Debug|Any CPU.ActiveCfg = Debug|Any CPU
		{F632875E-95D4-44DC-83B4-74DE392D44FE}.Debug|Any CPU.Build.0 = Debug|Any CPU
		{F632875E-95D4-44DC-83B4-74DE392D44FE}.Release|Any CPU.ActiveCfg = Release|Any CPU
		{F632875E-95D4-44DC-83B4-74DE392D44FE}.Release|Any CPU.Build.0 = Release|Any CPU
	EndGlobalSection
	GlobalSection(SolutionProperties) = preSolution
		HideSolutionNode = FALSE
	EndGlobalSection
	GlobalSection(ExtensibilityGlobals) = postSolution
		SolutionGuid = {3276528C-76ED-4BEB-8A18-BAC1DD77904F}
	EndGlobalSection
EndGlobal
