
Microsoft Visual Studio Solution File, Format Version 12.00
# Visual Studio Version 16
VisualStudioVersion = 16.0.31624.102
MinimumVisualStudioVersion = 10.0.40219.1
Project("{FAE04EC0-301F-11D3-BF4B-00C04F79EFBC}") = "5-concatenate", "5-concatenate.csproj", "{FD7B08A7-9C1A-42C3-A9F8-73C50A459E8B}"
EndProject
Global
	GlobalSection(SolutionConfigurationPlatforms) = preSolution
		Debug|Any CPU = Debug|Any CPU
		Release|Any CPU = Release|Any CPU
	EndGlobalSection
	GlobalSection(ProjectConfigurationPlatforms) = postSolution
		{FD7B08A7-9C1A-42C3-A9F8-73C50A459E8B}.Debug|Any CPU.ActiveCfg = Debug|Any CPU
		{FD7B08A7-9C1A-42C3-A9F8-73C50A459E8B}.Debug|Any CPU.Build.0 = Debug|Any CPU
		{FD7B08A7-9C1A-42C3-A9F8-73C50A459E8B}.Release|Any CPU.ActiveCfg = Release|Any CPU
		{FD7B08A7-9C1A-42C3-A9F8-73C50A459E8B}.Release|Any CPU.Build.0 = Release|Any CPU
	EndGlobalSection
	GlobalSection(SolutionProperties) = preSolution
		HideSolutionNode = FALSE
	EndGlobalSection
	GlobalSection(ExtensibilityGlobals) = postSolution
		SolutionGuid = {EAFF63EE-4F6A-4B65-A8D5-55253607E196}
	EndGlobalSection
EndGlobal
