
Microsoft Visual Studio Solution File, Format Version 12.00
# Visual Studio Version 16
VisualStudioVersion = 16.0.31515.178
MinimumVisualStudioVersion = 10.0.40219.1
Project("{FAE04EC0-301F-11D3-BF4B-00C04F79EFBC}") = "0-is", "0-is.csproj", "{A961B174-8D38-4511-A603-EDEB52B8AEA9}"
EndProject
Global
	GlobalSection(SolutionConfigurationPlatforms) = preSolution
		Debug|Any CPU = Debug|Any CPU
		Release|Any CPU = Release|Any CPU
	EndGlobalSection
	GlobalSection(ProjectConfigurationPlatforms) = postSolution
		{A961B174-8D38-4511-A603-EDEB52B8AEA9}.Debug|Any CPU.ActiveCfg = Debug|Any CPU
		{A961B174-8D38-4511-A603-EDEB52B8AEA9}.Debug|Any CPU.Build.0 = Debug|Any CPU
		{A961B174-8D38-4511-A603-EDEB52B8AEA9}.Release|Any CPU.ActiveCfg = Release|Any CPU
		{A961B174-8D38-4511-A603-EDEB52B8AEA9}.Release|Any CPU.Build.0 = Release|Any CPU
	EndGlobalSection
	GlobalSection(SolutionProperties) = preSolution
		HideSolutionNode = FALSE
	EndGlobalSection
	GlobalSection(ExtensibilityGlobals) = postSolution
		SolutionGuid = {E5320DD0-6D9B-4373-BC0D-27E357F52D55}
	EndGlobalSection
EndGlobal
