
Microsoft Visual Studio Solution File, Format Version 12.00
# Visual Studio Version 16
VisualStudioVersion = 16.0.31624.102
MinimumVisualStudioVersion = 10.0.40219.1
Project("{FAE04EC0-301F-11D3-BF4B-00C04F79EFBC}") = "1-damage_delegation", "1-damage_delegation.csproj", "{D684F8C7-B66B-484A-B74E-55E5EC834B22}"
EndProject
Global
	GlobalSection(SolutionConfigurationPlatforms) = preSolution
		Debug|Any CPU = Debug|Any CPU
		Release|Any CPU = Release|Any CPU
	EndGlobalSection
	GlobalSection(ProjectConfigurationPlatforms) = postSolution
		{D684F8C7-B66B-484A-B74E-55E5EC834B22}.Debug|Any CPU.ActiveCfg = Debug|Any CPU
		{D684F8C7-B66B-484A-B74E-55E5EC834B22}.Debug|Any CPU.Build.0 = Debug|Any CPU
		{D684F8C7-B66B-484A-B74E-55E5EC834B22}.Release|Any CPU.ActiveCfg = Release|Any CPU
		{D684F8C7-B66B-484A-B74E-55E5EC834B22}.Release|Any CPU.Build.0 = Release|Any CPU
	EndGlobalSection
	GlobalSection(SolutionProperties) = preSolution
		HideSolutionNode = FALSE
	EndGlobalSection
	GlobalSection(ExtensibilityGlobals) = postSolution
		SolutionGuid = {ECDCBCCE-47E5-4DAE-B459-A860DD0AB272}
	EndGlobalSection
EndGlobal
