
Microsoft Visual Studio Solution File, Format Version 12.00
# Visual Studio Version 16
VisualStudioVersion = 16.0.31515.178
MinimumVisualStudioVersion = 10.0.40219.1
Project("{FAE04EC0-301F-11D3-BF4B-00C04F79EFBC}") = "6-shape", "6-shape.csproj", "{7C23D07D-BD32-44B6-9541-3ED3711B280D}"
EndProject
Global
	GlobalSection(SolutionConfigurationPlatforms) = preSolution
		Debug|Any CPU = Debug|Any CPU
		Release|Any CPU = Release|Any CPU
	EndGlobalSection
	GlobalSection(ProjectConfigurationPlatforms) = postSolution
		{7C23D07D-BD32-44B6-9541-3ED3711B280D}.Debug|Any CPU.ActiveCfg = Debug|Any CPU
		{7C23D07D-BD32-44B6-9541-3ED3711B280D}.Debug|Any CPU.Build.0 = Debug|Any CPU
		{7C23D07D-BD32-44B6-9541-3ED3711B280D}.Release|Any CPU.ActiveCfg = Release|Any CPU
		{7C23D07D-BD32-44B6-9541-3ED3711B280D}.Release|Any CPU.Build.0 = Release|Any CPU
	EndGlobalSection
	GlobalSection(SolutionProperties) = preSolution
		HideSolutionNode = FALSE
	EndGlobalSection
	GlobalSection(ExtensibilityGlobals) = postSolution
		SolutionGuid = {DF8AB3CE-5D80-4E2B-929F-9B12CCEF0123}
	EndGlobalSection
EndGlobal
