
Microsoft Visual Studio Solution File, Format Version 12.00
# Visual Studio Version 16
VisualStudioVersion = 16.0.31515.178
MinimumVisualStudioVersion = 10.0.40219.1
Project("{FAE04EC0-301F-11D3-BF4B-00C04F79EFBC}") = "4-inherit", "4-inherit.csproj", "{AFBE636E-F9BE-4A60-A4DF-AC7F40873AC5}"
EndProject
Global
	GlobalSection(SolutionConfigurationPlatforms) = preSolution
		Debug|Any CPU = Debug|Any CPU
		Release|Any CPU = Release|Any CPU
	EndGlobalSection
	GlobalSection(ProjectConfigurationPlatforms) = postSolution
		{AFBE636E-F9BE-4A60-A4DF-AC7F40873AC5}.Debug|Any CPU.ActiveCfg = Debug|Any CPU
		{AFBE636E-F9BE-4A60-A4DF-AC7F40873AC5}.Debug|Any CPU.Build.0 = Debug|Any CPU
		{AFBE636E-F9BE-4A60-A4DF-AC7F40873AC5}.Release|Any CPU.ActiveCfg = Release|Any CPU
		{AFBE636E-F9BE-4A60-A4DF-AC7F40873AC5}.Release|Any CPU.Build.0 = Release|Any CPU
	EndGlobalSection
	GlobalSection(SolutionProperties) = preSolution
		HideSolutionNode = FALSE
	EndGlobalSection
	GlobalSection(ExtensibilityGlobals) = postSolution
		SolutionGuid = {F04F0167-4DC3-4ED8-A762-5B46CB9140B3}
	EndGlobalSection
EndGlobal
