
Microsoft Visual Studio Solution File, Format Version 12.00
# Visual Studio Version 16
VisualStudioVersion = 16.0.31624.102
MinimumVisualStudioVersion = 10.0.40219.1
Project("{FAE04EC0-301F-11D3-BF4B-00C04F79EFBC}") = "3-peek", "3-peek.csproj", "{DF81EC5A-5DEA-4CF2-9BE0-8C9897FA89CC}"
EndProject
Global
	GlobalSection(SolutionConfigurationPlatforms) = preSolution
		Debug|Any CPU = Debug|Any CPU
		Release|Any CPU = Release|Any CPU
	EndGlobalSection
	GlobalSection(ProjectConfigurationPlatforms) = postSolution
		{DF81EC5A-5DEA-4CF2-9BE0-8C9897FA89CC}.Debug|Any CPU.ActiveCfg = Debug|Any CPU
		{DF81EC5A-5DEA-4CF2-9BE0-8C9897FA89CC}.Debug|Any CPU.Build.0 = Debug|Any CPU
		{DF81EC5A-5DEA-4CF2-9BE0-8C9897FA89CC}.Release|Any CPU.ActiveCfg = Release|Any CPU
		{DF81EC5A-5DEA-4CF2-9BE0-8C9897FA89CC}.Release|Any CPU.Build.0 = Release|Any CPU
	EndGlobalSection
	GlobalSection(SolutionProperties) = preSolution
		HideSolutionNode = FALSE
	EndGlobalSection
	GlobalSection(ExtensibilityGlobals) = postSolution
		SolutionGuid = {37109C53-A576-44B0-BC78-EED254B0E168}
	EndGlobalSection
EndGlobal
